// !$*UTF8*$!
{
	archiveVersion = 1;
	classes = {
	};
	objectVersion = 56;
	objects = {

/* Begin PBXBuildFile section */
		33624ADC2C4B4459003DCBDD /* AnswerThreadView.swift in Sources */ = {isa = PBXBuildFile; fileRef = 33624ADB2C4B4459003DCBDD /* AnswerThreadView.swift */; };
		33624ADE2C4B4476003DCBDD /* AnswerThreadViewModel.swift in Sources */ = {isa = PBXBuildFile; fileRef = 33624ADD2C4B4476003DCBDD /* AnswerThreadViewModel.swift */; };
		33BED4372C4C512C002049A9 /* CalculateHeight.swift in Sources */ = {isa = PBXBuildFile; fileRef = 33BED4362C4C512C002049A9 /* CalculateHeight.swift */; };
		33E9B9192C3D8F6E007425CC /* threads_cloneApp.swift in Sources */ = {isa = PBXBuildFile; fileRef = 33E9B9182C3D8F6E007425CC /* threads_cloneApp.swift */; };
		33E9B91B2C3D8F6E007425CC /* ContentView.swift in Sources */ = {isa = PBXBuildFile; fileRef = 33E9B91A2C3D8F6E007425CC /* ContentView.swift */; };
		33E9B91D2C3D8F70007425CC /* Assets.xcassets in Resources */ = {isa = PBXBuildFile; fileRef = 33E9B91C2C3D8F70007425CC /* Assets.xcassets */; };
		33E9B9202C3D8F70007425CC /* Preview Assets.xcassets in Resources */ = {isa = PBXBuildFile; fileRef = 33E9B91F2C3D8F70007425CC /* Preview Assets.xcassets */; };
		33E9B9302C3D911F007425CC /* LoginView.swift in Sources */ = {isa = PBXBuildFile; fileRef = 33E9B92F2C3D911F007425CC /* LoginView.swift */; };
		33E9B9322C3D9CFA007425CC /* RegistrationView.swift in Sources */ = {isa = PBXBuildFile; fileRef = 33E9B9312C3D9CFA007425CC /* RegistrationView.swift */; };
		33E9B9352C3D9E7B007425CC /* ThreadsTextFieldModifier.swift in Sources */ = {isa = PBXBuildFile; fileRef = 33E9B9342C3D9E7B007425CC /* ThreadsTextFieldModifier.swift */; };
		33E9B9382C3DA11D007425CC /* ThreadsTabView.swift in Sources */ = {isa = PBXBuildFile; fileRef = 33E9B9372C3DA11D007425CC /* ThreadsTabView.swift */; };
		33E9B93C2C3DA456007425CC /* FeedView.swift in Sources */ = {isa = PBXBuildFile; fileRef = 33E9B93B2C3DA456007425CC /* FeedView.swift */; };
		33E9B9402C3DA4B3007425CC /* ExploreView.swift in Sources */ = {isa = PBXBuildFile; fileRef = 33E9B93F2C3DA4B3007425CC /* ExploreView.swift */; };
		33E9B9442C3DA53E007425CC /* CreatThreadView.swift in Sources */ = {isa = PBXBuildFile; fileRef = 33E9B9432C3DA53E007425CC /* CreatThreadView.swift */; };
		33E9B9482C3DA58D007425CC /* ActivityView.swift in Sources */ = {isa = PBXBuildFile; fileRef = 33E9B9472C3DA58D007425CC /* ActivityView.swift */; };
		33E9B94C2C3DA5C7007425CC /* ProfileView.swift in Sources */ = {isa = PBXBuildFile; fileRef = 33E9B94B2C3DA5C7007425CC /* ProfileView.swift */; };
		33E9B94E2C3E22AA007425CC /* ThreadCell.swift in Sources */ = {isa = PBXBuildFile; fileRef = 33E9B94D2C3E22AA007425CC /* ThreadCell.swift */; };
		33E9B9512C3ED766007425CC /* CircularProfileImageView.swift in Sources */ = {isa = PBXBuildFile; fileRef = 33E9B9502C3ED766007425CC /* CircularProfileImageView.swift */; };
		33E9B9532C3ED830007425CC /* UserCell.swift in Sources */ = {isa = PBXBuildFile; fileRef = 33E9B9522C3ED830007425CC /* UserCell.swift */; };
		33E9B9562C3EDB92007425CC /* ProfileThreadFilter.swift in Sources */ = {isa = PBXBuildFile; fileRef = 33E9B9552C3EDB92007425CC /* ProfileThreadFilter.swift */; };
		33E9B95A2C3EE291007425CC /* EditProfileView.swift in Sources */ = {isa = PBXBuildFile; fileRef = 33E9B9592C3EE291007425CC /* EditProfileView.swift */; };
		33E9B95C2C3F09B2007425CC /* GoogleService-Info.plist in Resources */ = {isa = PBXBuildFile; fileRef = 33E9B95B2C3F09B2007425CC /* GoogleService-Info.plist */; };
		33E9B95F2C3F3CBE007425CC /* FirebaseAuth in Frameworks */ = {isa = PBXBuildFile; productRef = 33E9B95E2C3F3CBE007425CC /* FirebaseAuth */; };
		33E9B9612C3F3CBF007425CC /* FirebaseFirestore in Frameworks */ = {isa = PBXBuildFile; productRef = 33E9B9602C3F3CBE007425CC /* FirebaseFirestore */; };
		33E9B9632C3F3CBF007425CC /* FirebaseFirestoreSwift in Frameworks */ = {isa = PBXBuildFile; productRef = 33E9B9622C3F3CBF007425CC /* FirebaseFirestoreSwift */; };
		33E9B9652C3F3CBF007425CC /* FirebaseStorage in Frameworks */ = {isa = PBXBuildFile; productRef = 33E9B9642C3F3CBF007425CC /* FirebaseStorage */; };
		33E9B9692C3F432C007425CC /* RegistrationViewModel.swift in Sources */ = {isa = PBXBuildFile; fileRef = 33E9B9682C3F432C007425CC /* RegistrationViewModel.swift */; };
		33E9B96B2C3F4581007425CC /* AuthService.swift in Sources */ = {isa = PBXBuildFile; fileRef = 33E9B96A2C3F4580007425CC /* AuthService.swift */; };
		33E9B96F2C3F52AA007425CC /* ContentViewModel.swift in Sources */ = {isa = PBXBuildFile; fileRef = 33E9B96E2C3F52AA007425CC /* ContentViewModel.swift */; };
		33E9B9712C3F58A6007425CC /* LoginViewModel.swift in Sources */ = {isa = PBXBuildFile; fileRef = 33E9B9702C3F58A6007425CC /* LoginViewModel.swift */; };
		33E9B9732C3F5D5F007425CC /* User.swift in Sources */ = {isa = PBXBuildFile; fileRef = 33E9B9722C3F5D5F007425CC /* User.swift */; };
		33E9B9752C3F6126007425CC /* UserService.swift in Sources */ = {isa = PBXBuildFile; fileRef = 33E9B9742C3F6126007425CC /* UserService.swift */; };
		33E9B97B2C418620007425CC /* ExploreViewModel.swift in Sources */ = {isa = PBXBuildFile; fileRef = 33E9B97A2C418620007425CC /* ExploreViewModel.swift */; };
		33E9B97D2C418910007425CC /* PreviewProvider.swift in Sources */ = {isa = PBXBuildFile; fileRef = 33E9B97C2C418910007425CC /* PreviewProvider.swift */; };
		33E9B9812C419030007425CC /* CurrentUserProfileView.swift in Sources */ = {isa = PBXBuildFile; fileRef = 33E9B9802C419030007425CC /* CurrentUserProfileView.swift */; };
		33E9B9842C4190DD007425CC /* CurrentUserProfileViewModel.swift in Sources */ = {isa = PBXBuildFile; fileRef = 33E9B9832C4190DD007425CC /* CurrentUserProfileViewModel.swift */; };
		33E9B9872C41A32A007425CC /* ProfileHeaderView.swift in Sources */ = {isa = PBXBuildFile; fileRef = 33E9B9862C41A32A007425CC /* ProfileHeaderView.swift */; };
		33E9B9892C41A7F8007425CC /* UserContentListView.swift in Sources */ = {isa = PBXBuildFile; fileRef = 33E9B9882C41A7F8007425CC /* UserContentListView.swift */; };
		33E9B98D2C41B0DB007425CC /* ShareProfileView.swift in Sources */ = {isa = PBXBuildFile; fileRef = 33E9B98C2C41B0DB007425CC /* ShareProfileView.swift */; };
		33E9B9902C447E79007425CC /* EditProfileViewModel.swift in Sources */ = {isa = PBXBuildFile; fileRef = 33E9B98F2C447E79007425CC /* EditProfileViewModel.swift */; };
		33E9B9922C44810C007425CC /* ImageUploader.swift in Sources */ = {isa = PBXBuildFile; fileRef = 33E9B9912C44810C007425CC /* ImageUploader.swift */; };
		33E9B9952C44895C007425CC /* Kingfisher in Frameworks */ = {isa = PBXBuildFile; productRef = 33E9B9942C44895C007425CC /* Kingfisher */; };
		33E9B9972C4589BD007425CC /* Thread.swift in Sources */ = {isa = PBXBuildFile; fileRef = 33E9B9962C4589BD007425CC /* Thread.swift */; };
		33E9B99A2C458ADD007425CC /* CreateThreadViewModel.swift in Sources */ = {isa = PBXBuildFile; fileRef = 33E9B9992C458ADC007425CC /* CreateThreadViewModel.swift */; };
		33E9B99C2C458B0D007425CC /* ThreadService.swift in Sources */ = {isa = PBXBuildFile; fileRef = 33E9B99B2C458B0D007425CC /* ThreadService.swift */; };
		33E9B99F2C459D51007425CC /* FeedViewModel.swift in Sources */ = {isa = PBXBuildFile; fileRef = 33E9B99E2C459D51007425CC /* FeedViewModel.swift */; };
		33E9B9A32C45E0AC007425CC /* UserContentListViewModel.swift in Sources */ = {isa = PBXBuildFile; fileRef = 33E9B9A22C45E0AC007425CC /* UserContentListViewModel.swift */; };
		33E9B9A52C45E51C007425CC /* Timestamp.swift in Sources */ = {isa = PBXBuildFile; fileRef = 33E9B9A42C45E51C007425CC /* Timestamp.swift */; };
		33E9B9A92C45E8C7007425CC /* SettingsView.swift in Sources */ = {isa = PBXBuildFile; fileRef = 33E9B9A82C45E8C7007425CC /* SettingsView.swift */; };
		33E9B9AB2C46BB86007425CC /* ActivityCell.swift in Sources */ = {isa = PBXBuildFile; fileRef = 33E9B9AA2C46BB86007425CC /* ActivityCell.swift */; };
		33E9B9AE2C46C8EE007425CC /* ActivityViewModel.swift in Sources */ = {isa = PBXBuildFile; fileRef = 33E9B9AD2C46C8EE007425CC /* ActivityViewModel.swift */; };
		33E9B9B12C473A03007425CC /* ComponentsViewModel.swift in Sources */ = {isa = PBXBuildFile; fileRef = 33E9B9B02C473A03007425CC /* ComponentsViewModel.swift */; };
/* End PBXBuildFile section */

/* Begin PBXFileReference section */
		33624ADB2C4B4459003DCBDD /* AnswerThreadView.swift */ = {isa = PBXFileReference; lastKnownFileType = sourcecode.swift; path = AnswerThreadView.swift; sourceTree = "<group>"; };
		33624ADD2C4B4476003DCBDD /* AnswerThreadViewModel.swift */ = {isa = PBXFileReference; lastKnownFileType = sourcecode.swift; path = AnswerThreadViewModel.swift; sourceTree = "<group>"; };
		33BED4362C4C512C002049A9 /* CalculateHeight.swift */ = {isa = PBXFileReference; lastKnownFileType = sourcecode.swift; path = CalculateHeight.swift; sourceTree = "<group>"; };
		33E9B9152C3D8F6E007425CC /* threads-clone.app */ = {isa = PBXFileReference; explicitFileType = wrapper.application; includeInIndex = 0; path = "threads-clone.app"; sourceTree = BUILT_PRODUCTS_DIR; };
		33E9B9182C3D8F6E007425CC /* threads_cloneApp.swift */ = {isa = PBXFileReference; lastKnownFileType = sourcecode.swift; path = threads_cloneApp.swift; sourceTree = "<group>"; };
		33E9B91A2C3D8F6E007425CC /* ContentView.swift */ = {isa = PBXFileReference; lastKnownFileType = sourcecode.swift; path = ContentView.swift; sourceTree = "<group>"; };
		33E9B91C2C3D8F70007425CC /* Assets.xcassets */ = {isa = PBXFileReference; lastKnownFileType = folder.assetcatalog; path = Assets.xcassets; sourceTree = "<group>"; };
		33E9B91F2C3D8F70007425CC /* Preview Assets.xcassets */ = {isa = PBXFileReference; lastKnownFileType = folder.assetcatalog; path = "Preview Assets.xcassets"; sourceTree = "<group>"; };
		33E9B92F2C3D911F007425CC /* LoginView.swift */ = {isa = PBXFileReference; lastKnownFileType = sourcecode.swift; path = LoginView.swift; sourceTree = "<group>"; };
		33E9B9312C3D9CFA007425CC /* RegistrationView.swift */ = {isa = PBXFileReference; lastKnownFileType = sourcecode.swift; path = RegistrationView.swift; sourceTree = "<group>"; };
		33E9B9342C3D9E7B007425CC /* ThreadsTextFieldModifier.swift */ = {isa = PBXFileReference; lastKnownFileType = sourcecode.swift; path = ThreadsTextFieldModifier.swift; sourceTree = "<group>"; };
		33E9B9372C3DA11D007425CC /* ThreadsTabView.swift */ = {isa = PBXFileReference; lastKnownFileType = sourcecode.swift; path = ThreadsTabView.swift; sourceTree = "<group>"; };
		33E9B93B2C3DA456007425CC /* FeedView.swift */ = {isa = PBXFileReference; lastKnownFileType = sourcecode.swift; path = FeedView.swift; sourceTree = "<group>"; };
		33E9B93F2C3DA4B3007425CC /* ExploreView.swift */ = {isa = PBXFileReference; lastKnownFileType = sourcecode.swift; path = ExploreView.swift; sourceTree = "<group>"; };
		33E9B9432C3DA53E007425CC /* CreatThreadView.swift */ = {isa = PBXFileReference; lastKnownFileType = sourcecode.swift; path = CreatThreadView.swift; sourceTree = "<group>"; };
		33E9B9472C3DA58D007425CC /* ActivityView.swift */ = {isa = PBXFileReference; lastKnownFileType = sourcecode.swift; path = ActivityView.swift; sourceTree = "<group>"; };
		33E9B94B2C3DA5C7007425CC /* ProfileView.swift */ = {isa = PBXFileReference; lastKnownFileType = sourcecode.swift; path = ProfileView.swift; sourceTree = "<group>"; };
		33E9B94D2C3E22AA007425CC /* ThreadCell.swift */ = {isa = PBXFileReference; lastKnownFileType = sourcecode.swift; path = ThreadCell.swift; sourceTree = "<group>"; };
		33E9B9502C3ED766007425CC /* CircularProfileImageView.swift */ = {isa = PBXFileReference; lastKnownFileType = sourcecode.swift; path = CircularProfileImageView.swift; sourceTree = "<group>"; };
		33E9B9522C3ED830007425CC /* UserCell.swift */ = {isa = PBXFileReference; lastKnownFileType = sourcecode.swift; path = UserCell.swift; sourceTree = "<group>"; };
		33E9B9552C3EDB92007425CC /* ProfileThreadFilter.swift */ = {isa = PBXFileReference; lastKnownFileType = sourcecode.swift; path = ProfileThreadFilter.swift; sourceTree = "<group>"; };
		33E9B9592C3EE291007425CC /* EditProfileView.swift */ = {isa = PBXFileReference; lastKnownFileType = sourcecode.swift; path = EditProfileView.swift; sourceTree = "<group>"; };
		33E9B95B2C3F09B2007425CC /* GoogleService-Info.plist */ = {isa = PBXFileReference; fileEncoding = 4; lastKnownFileType = text.plist.xml; path = "GoogleService-Info.plist"; sourceTree = "<group>"; };
		33E9B9682C3F432C007425CC /* RegistrationViewModel.swift */ = {isa = PBXFileReference; lastKnownFileType = sourcecode.swift; path = RegistrationViewModel.swift; sourceTree = "<group>"; };
		33E9B96A2C3F4580007425CC /* AuthService.swift */ = {isa = PBXFileReference; lastKnownFileType = sourcecode.swift; path = AuthService.swift; sourceTree = "<group>"; };
		33E9B96E2C3F52AA007425CC /* ContentViewModel.swift */ = {isa = PBXFileReference; lastKnownFileType = sourcecode.swift; path = ContentViewModel.swift; sourceTree = "<group>"; };
		33E9B9702C3F58A6007425CC /* LoginViewModel.swift */ = {isa = PBXFileReference; lastKnownFileType = sourcecode.swift; path = LoginViewModel.swift; sourceTree = "<group>"; };
		33E9B9722C3F5D5F007425CC /* User.swift */ = {isa = PBXFileReference; lastKnownFileType = sourcecode.swift; path = User.swift; sourceTree = "<group>"; };
		33E9B9742C3F6126007425CC /* UserService.swift */ = {isa = PBXFileReference; lastKnownFileType = sourcecode.swift; path = UserService.swift; sourceTree = "<group>"; };
		33E9B97A2C418620007425CC /* ExploreViewModel.swift */ = {isa = PBXFileReference; lastKnownFileType = sourcecode.swift; path = ExploreViewModel.swift; sourceTree = "<group>"; };
		33E9B97C2C418910007425CC /* PreviewProvider.swift */ = {isa = PBXFileReference; lastKnownFileType = sourcecode.swift; path = PreviewProvider.swift; sourceTree = "<group>"; };
		33E9B9802C419030007425CC /* CurrentUserProfileView.swift */ = {isa = PBXFileReference; lastKnownFileType = sourcecode.swift; path = CurrentUserProfileView.swift; sourceTree = "<group>"; };
		33E9B9832C4190DD007425CC /* CurrentUserProfileViewModel.swift */ = {isa = PBXFileReference; lastKnownFileType = sourcecode.swift; path = CurrentUserProfileViewModel.swift; sourceTree = "<group>"; };
		33E9B9862C41A32A007425CC /* ProfileHeaderView.swift */ = {isa = PBXFileReference; lastKnownFileType = sourcecode.swift; path = ProfileHeaderView.swift; sourceTree = "<group>"; };
		33E9B9882C41A7F8007425CC /* UserContentListView.swift */ = {isa = PBXFileReference; lastKnownFileType = sourcecode.swift; path = UserContentListView.swift; sourceTree = "<group>"; };
		33E9B98C2C41B0DB007425CC /* ShareProfileView.swift */ = {isa = PBXFileReference; lastKnownFileType = sourcecode.swift; path = ShareProfileView.swift; sourceTree = "<group>"; };
		33E9B98F2C447E79007425CC /* EditProfileViewModel.swift */ = {isa = PBXFileReference; lastKnownFileType = sourcecode.swift; path = EditProfileViewModel.swift; sourceTree = "<group>"; };
		33E9B9912C44810C007425CC /* ImageUploader.swift */ = {isa = PBXFileReference; lastKnownFileType = sourcecode.swift; path = ImageUploader.swift; sourceTree = "<group>"; };
		33E9B9962C4589BD007425CC /* Thread.swift */ = {isa = PBXFileReference; lastKnownFileType = sourcecode.swift; path = Thread.swift; sourceTree = "<group>"; };
		33E9B9992C458ADC007425CC /* CreateThreadViewModel.swift */ = {isa = PBXFileReference; lastKnownFileType = sourcecode.swift; path = CreateThreadViewModel.swift; sourceTree = "<group>"; };
		33E9B99B2C458B0D007425CC /* ThreadService.swift */ = {isa = PBXFileReference; lastKnownFileType = sourcecode.swift; path = ThreadService.swift; sourceTree = "<group>"; };
		33E9B99E2C459D51007425CC /* FeedViewModel.swift */ = {isa = PBXFileReference; lastKnownFileType = sourcecode.swift; path = FeedViewModel.swift; sourceTree = "<group>"; };
		33E9B9A22C45E0AC007425CC /* UserContentListViewModel.swift */ = {isa = PBXFileReference; lastKnownFileType = sourcecode.swift; path = UserContentListViewModel.swift; sourceTree = "<group>"; };
		33E9B9A42C45E51C007425CC /* Timestamp.swift */ = {isa = PBXFileReference; lastKnownFileType = sourcecode.swift; path = Timestamp.swift; sourceTree = "<group>"; };
		33E9B9A82C45E8C7007425CC /* SettingsView.swift */ = {isa = PBXFileReference; lastKnownFileType = sourcecode.swift; path = SettingsView.swift; sourceTree = "<group>"; };
		33E9B9AA2C46BB86007425CC /* ActivityCell.swift */ = {isa = PBXFileReference; lastKnownFileType = sourcecode.swift; path = ActivityCell.swift; sourceTree = "<group>"; };
		33E9B9AD2C46C8EE007425CC /* ActivityViewModel.swift */ = {isa = PBXFileReference; lastKnownFileType = sourcecode.swift; path = ActivityViewModel.swift; sourceTree = "<group>"; };
		33E9B9B02C473A03007425CC /* ComponentsViewModel.swift */ = {isa = PBXFileReference; lastKnownFileType = sourcecode.swift; path = ComponentsViewModel.swift; sourceTree = "<group>"; };
/* End PBXFileReference section */

/* Begin PBXFrameworksBuildPhase section */
		33E9B9122C3D8F6E007425CC /* Frameworks */ = {
			isa = PBXFrameworksBuildPhase;
			buildActionMask = 2147483647;
			files = (
				33E9B95F2C3F3CBE007425CC /* FirebaseAuth in Frameworks */,
				33E9B9652C3F3CBF007425CC /* FirebaseStorage in Frameworks */,
				33E9B9612C3F3CBF007425CC /* FirebaseFirestore in Frameworks */,
				33E9B9632C3F3CBF007425CC /* FirebaseFirestoreSwift in Frameworks */,
				33E9B9952C44895C007425CC /* Kingfisher in Frameworks */,
			);
			runOnlyForDeploymentPostprocessing = 0;
		};
/* End PBXFrameworksBuildPhase section */

/* Begin PBXGroup section */
		33624AD72C482E4D003DCBDD /* View */ = {
			isa = PBXGroup;
			children = (
				33E9B9AA2C46BB86007425CC /* ActivityCell.swift */,
				33E9B9502C3ED766007425CC /* CircularProfileImageView.swift */,
				33E9B94D2C3E22AA007425CC /* ThreadCell.swift */,
				33E9B9522C3ED830007425CC /* UserCell.swift */,
			);
			path = View;
			sourceTree = "<group>";
		};
		33624AD82C4B43E9003DCBDD /* ThreadAnswer */ = {
			isa = PBXGroup;
			children = (
				33624ADA2C4B443E003DCBDD /* View */,
				33624AD92C4B4435003DCBDD /* ViewModel */,
			);
			path = ThreadAnswer;
			sourceTree = "<group>";
		};
		33624AD92C4B4435003DCBDD /* ViewModel */ = {
			isa = PBXGroup;
			children = (
				33624ADD2C4B4476003DCBDD /* AnswerThreadViewModel.swift */,
			);
			path = ViewModel;
			sourceTree = "<group>";
		};
		33624ADA2C4B443E003DCBDD /* View */ = {
			isa = PBXGroup;
			children = (
				33624ADB2C4B4459003DCBDD /* AnswerThreadView.swift */,
			);
			path = View;
			sourceTree = "<group>";
		};
		33E9B90C2C3D8F6E007425CC = {
			isa = PBXGroup;
			children = (
				33E9B9172C3D8F6E007425CC /* threads-clone */,
				33E9B9162C3D8F6E007425CC /* Products */,
			);
			sourceTree = "<group>";
		};
		33E9B9162C3D8F6E007425CC /* Products */ = {
			isa = PBXGroup;
			children = (
				33E9B9152C3D8F6E007425CC /* threads-clone.app */,
			);
			name = Products;
			sourceTree = "<group>";
		};
		33E9B9172C3D8F6E007425CC /* threads-clone */ = {
			isa = PBXGroup;
			children = (
				33E9B92B2C3D8FDB007425CC /* App */,
				33E9B92A2C3D8FD9007425CC /* Core */,
				33E9B9292C3D8FD7007425CC /* Extensions */,
				33E9B9282C3D8FD5007425CC /* Model */,
				33E9B9272C3D8FD3007425CC /* Service */,
				33E9B9262C3D8FCD007425CC /* Utils */,
				33E9B95B2C3F09B2007425CC /* GoogleService-Info.plist */,
				33E9B91C2C3D8F70007425CC /* Assets.xcassets */,
				33E9B91E2C3D8F70007425CC /* Preview Content */,
			);
			path = "threads-clone";
			sourceTree = "<group>";
		};
		33E9B91E2C3D8F70007425CC /* Preview Content */ = {
			isa = PBXGroup;
			children = (
				33E9B91F2C3D8F70007425CC /* Preview Assets.xcassets */,
			);
			path = "Preview Content";
			sourceTree = "<group>";
		};
		33E9B9262C3D8FCD007425CC /* Utils */ = {
			isa = PBXGroup;
			children = (
				33E9B9332C3D9E61007425CC /* ViewModifiers */,
			);
			path = Utils;
			sourceTree = "<group>";
		};
		33E9B9272C3D8FD3007425CC /* Service */ = {
			isa = PBXGroup;
			children = (
				33E9B9742C3F6126007425CC /* UserService.swift */,
				33E9B9912C44810C007425CC /* ImageUploader.swift */,
				33E9B99B2C458B0D007425CC /* ThreadService.swift */,
			);
			path = Service;
			sourceTree = "<group>";
		};
		33E9B9282C3D8FD5007425CC /* Model */ = {
			isa = PBXGroup;
			children = (
				33E9B9722C3F5D5F007425CC /* User.swift */,
				33E9B9962C4589BD007425CC /* Thread.swift */,
			);
			path = Model;
			sourceTree = "<group>";
		};
		33E9B9292C3D8FD7007425CC /* Extensions */ = {
			isa = PBXGroup;
			children = (
				33E9B97C2C418910007425CC /* PreviewProvider.swift */,
				33E9B9A42C45E51C007425CC /* Timestamp.swift */,
				33BED4362C4C512C002049A9 /* CalculateHeight.swift */,
			);
			path = Extensions;
			sourceTree = "<group>";
		};
		33E9B92A2C3D8FD9007425CC /* Core */ = {
			isa = PBXGroup;
			children = (
				33E9B9452C3DA573007425CC /* Activity */,
				33E9B92D2C3D9091007425CC /* Authentication */,
				33E9B94F2C3ED72B007425CC /* Components */,
				33E9B93D2C3DA48A007425CC /* Explore */,
				33E9B9392C3DA423007425CC /* Feed */,
				33E9B9492C3DA5A3007425CC /* Profile */,
				33E9B92C2C3D9082007425CC /* Root */,
				33E9B9A62C45E87D007425CC /* Settings */,
				33E9B9362C3DA0F2007425CC /* TabBar */,
				33624AD82C4B43E9003DCBDD /* ThreadAnswer */,
				33E9B9412C3DA504007425CC /* ThreadCreation */,
			);
			path = Core;
			sourceTree = "<group>";
		};
		33E9B92B2C3D8FDB007425CC /* App */ = {
			isa = PBXGroup;
			children = (
				33E9B9182C3D8F6E007425CC /* threads_cloneApp.swift */,
			);
			path = App;
			sourceTree = "<group>";
		};
		33E9B92C2C3D9082007425CC /* Root */ = {
			isa = PBXGroup;
			children = (
				33E9B96C2C3F523B007425CC /* View */,
				33E9B96D2C3F5241007425CC /* ViewModel */,
			);
			path = Root;
			sourceTree = "<group>";
		};
		33E9B92D2C3D9091007425CC /* Authentication */ = {
			isa = PBXGroup;
			children = (
				33E9B9672C3F42FA007425CC /* Service */,
				33E9B92E2C3D9107007425CC /* Views */,
				33E9B9662C3F42EC007425CC /* ViewModel */,
			);
			path = Authentication;
			sourceTree = "<group>";
		};
		33E9B92E2C3D9107007425CC /* Views */ = {
			isa = PBXGroup;
			children = (
				33E9B92F2C3D911F007425CC /* LoginView.swift */,
				33E9B9312C3D9CFA007425CC /* RegistrationView.swift */,
			);
			path = Views;
			sourceTree = "<group>";
		};
		33E9B9332C3D9E61007425CC /* ViewModifiers */ = {
			isa = PBXGroup;
			children = (
				33E9B9342C3D9E7B007425CC /* ThreadsTextFieldModifier.swift */,
			);
			path = ViewModifiers;
			sourceTree = "<group>";
		};
		33E9B9362C3DA0F2007425CC /* TabBar */ = {
			isa = PBXGroup;
			children = (
				33E9B9372C3DA11D007425CC /* ThreadsTabView.swift */,
			);
			path = TabBar;
			sourceTree = "<group>";
		};
		33E9B9392C3DA423007425CC /* Feed */ = {
			isa = PBXGroup;
			children = (
				33E9B93A2C3DA43E007425CC /* View */,
				33E9B99D2C459D31007425CC /* ViewModel */,
			);
			path = Feed;
			sourceTree = "<group>";
		};
		33E9B93A2C3DA43E007425CC /* View */ = {
			isa = PBXGroup;
			children = (
				33E9B93B2C3DA456007425CC /* FeedView.swift */,
			);
			path = View;
			sourceTree = "<group>";
		};
		33E9B93D2C3DA48A007425CC /* Explore */ = {
			isa = PBXGroup;
			children = (
				33E9B93E2C3DA49F007425CC /* View */,
				33E9B9792C4185F8007425CC /* ViewModel */,
			);
			path = Explore;
			sourceTree = "<group>";
		};
		33E9B93E2C3DA49F007425CC /* View */ = {
			isa = PBXGroup;
			children = (
				33E9B93F2C3DA4B3007425CC /* ExploreView.swift */,
			);
			path = View;
			sourceTree = "<group>";
		};
		33E9B9412C3DA504007425CC /* ThreadCreation */ = {
			isa = PBXGroup;
			children = (
				33E9B9422C3DA512007425CC /* View */,
				33E9B9982C458ABD007425CC /* ViewModel */,
			);
			path = ThreadCreation;
			sourceTree = "<group>";
		};
		33E9B9422C3DA512007425CC /* View */ = {
			isa = PBXGroup;
			children = (
				33E9B9432C3DA53E007425CC /* CreatThreadView.swift */,
			);
			path = View;
			sourceTree = "<group>";
		};
		33E9B9452C3DA573007425CC /* Activity */ = {
			isa = PBXGroup;
			children = (
				33E9B9462C3DA57B007425CC /* View */,
				33E9B9AC2C46C8D5007425CC /* ViewModel */,
			);
			path = Activity;
			sourceTree = "<group>";
		};
		33E9B9462C3DA57B007425CC /* View */ = {
			isa = PBXGroup;
			children = (
				33E9B9472C3DA58D007425CC /* ActivityView.swift */,
			);
			path = View;
			sourceTree = "<group>";
		};
		33E9B9492C3DA5A3007425CC /* Profile */ = {
			isa = PBXGroup;
			children = (
				33E9B9852C41A2FE007425CC /* Components */,
				33E9B97E2C418FD2007425CC /* CurrnetUserProfile */,
				33E9B9572C3EE265007425CC /* EditProfile */,
				33E9B9542C3EDB63007425CC /* Model */,
				33E9B98A2C41B094007425CC /* ShareProfile */,
				33E9B94A2C3DA5B0007425CC /* UserProfile */,
			);
			path = Profile;
			sourceTree = "<group>";
		};
		33E9B94A2C3DA5B0007425CC /* UserProfile */ = {
			isa = PBXGroup;
			children = (
				33E9B94B2C3DA5C7007425CC /* ProfileView.swift */,
			);
			path = UserProfile;
			sourceTree = "<group>";
		};
		33E9B94F2C3ED72B007425CC /* Components */ = {
			isa = PBXGroup;
			children = (
				33624AD72C482E4D003DCBDD /* View */,
				33E9B9AF2C4739E2007425CC /* ViewModel */,
			);
			path = Components;
			sourceTree = "<group>";
		};
		33E9B9542C3EDB63007425CC /* Model */ = {
			isa = PBXGroup;
			children = (
				33E9B9552C3EDB92007425CC /* ProfileThreadFilter.swift */,
			);
			path = Model;
			sourceTree = "<group>";
		};
		33E9B9572C3EE265007425CC /* EditProfile */ = {
			isa = PBXGroup;
			children = (
				33E9B98E2C447E62007425CC /* ViewModel */,
				33E9B9582C3EE279007425CC /* View */,
			);
			path = EditProfile;
			sourceTree = "<group>";
		};
		33E9B9582C3EE279007425CC /* View */ = {
			isa = PBXGroup;
			children = (
				33E9B9592C3EE291007425CC /* EditProfileView.swift */,
			);
			path = View;
			sourceTree = "<group>";
		};
		33E9B9662C3F42EC007425CC /* ViewModel */ = {
			isa = PBXGroup;
			children = (
				33E9B9682C3F432C007425CC /* RegistrationViewModel.swift */,
				33E9B9702C3F58A6007425CC /* LoginViewModel.swift */,
			);
			path = ViewModel;
			sourceTree = "<group>";
		};
		33E9B9672C3F42FA007425CC /* Service */ = {
			isa = PBXGroup;
			children = (
				33E9B96A2C3F4580007425CC /* AuthService.swift */,
			);
			path = Service;
			sourceTree = "<group>";
		};
		33E9B96C2C3F523B007425CC /* View */ = {
			isa = PBXGroup;
			children = (
				33E9B91A2C3D8F6E007425CC /* ContentView.swift */,
			);
			path = View;
			sourceTree = "<group>";
		};
		33E9B96D2C3F5241007425CC /* ViewModel */ = {
			isa = PBXGroup;
			children = (
				33E9B96E2C3F52AA007425CC /* ContentViewModel.swift */,
			);
			path = ViewModel;
			sourceTree = "<group>";
		};
		33E9B9792C4185F8007425CC /* ViewModel */ = {
			isa = PBXGroup;
			children = (
				33E9B97A2C418620007425CC /* ExploreViewModel.swift */,
			);
			path = ViewModel;
			sourceTree = "<group>";
		};
		33E9B97E2C418FD2007425CC /* CurrnetUserProfile */ = {
			isa = PBXGroup;
			children = (
				33E9B97F2C419012007425CC /* View */,
				33E9B9822C419082007425CC /* ViewModel */,
			);
			path = CurrnetUserProfile;
			sourceTree = "<group>";
		};
		33E9B97F2C419012007425CC /* View */ = {
			isa = PBXGroup;
			children = (
				33E9B9802C419030007425CC /* CurrentUserProfileView.swift */,
			);
			path = View;
			sourceTree = "<group>";
		};
		33E9B9822C419082007425CC /* ViewModel */ = {
			isa = PBXGroup;
			children = (
				33E9B9832C4190DD007425CC /* CurrentUserProfileViewModel.swift */,
			);
			path = ViewModel;
			sourceTree = "<group>";
		};
		33E9B9852C41A2FE007425CC /* Components */ = {
			isa = PBXGroup;
			children = (
				33E9B9A02C45E05C007425CC /* View */,
				33E9B9A12C45E062007425CC /* ViewModel */,
			);
			path = Components;
			sourceTree = "<group>";
		};
		33E9B98A2C41B094007425CC /* ShareProfile */ = {
			isa = PBXGroup;
			children = (
				33E9B98B2C41B0B4007425CC /* View */,
			);
			path = ShareProfile;
			sourceTree = "<group>";
		};
		33E9B98B2C41B0B4007425CC /* View */ = {
			isa = PBXGroup;
			children = (
				33E9B98C2C41B0DB007425CC /* ShareProfileView.swift */,
			);
			path = View;
			sourceTree = "<group>";
		};
		33E9B98E2C447E62007425CC /* ViewModel */ = {
			isa = PBXGroup;
			children = (
				33E9B98F2C447E79007425CC /* EditProfileViewModel.swift */,
			);
			path = ViewModel;
			sourceTree = "<group>";
		};
		33E9B9982C458ABD007425CC /* ViewModel */ = {
			isa = PBXGroup;
			children = (
				33E9B9992C458ADC007425CC /* CreateThreadViewModel.swift */,
			);
			path = ViewModel;
			sourceTree = "<group>";
		};
		33E9B99D2C459D31007425CC /* ViewModel */ = {
			isa = PBXGroup;
			children = (
				33E9B99E2C459D51007425CC /* FeedViewModel.swift */,
			);
			path = ViewModel;
			sourceTree = "<group>";
		};
		33E9B9A02C45E05C007425CC /* View */ = {
			isa = PBXGroup;
			children = (
				33E9B9862C41A32A007425CC /* ProfileHeaderView.swift */,
				33E9B9882C41A7F8007425CC /* UserContentListView.swift */,
			);
			path = View;
			sourceTree = "<group>";
		};
		33E9B9A12C45E062007425CC /* ViewModel */ = {
			isa = PBXGroup;
			children = (
				33E9B9A22C45E0AC007425CC /* UserContentListViewModel.swift */,
			);
			path = ViewModel;
			sourceTree = "<group>";
		};
		33E9B9A62C45E87D007425CC /* Settings */ = {
			isa = PBXGroup;
			children = (
				33E9B9A72C45E8AE007425CC /* View */,
			);
			path = Settings;
			sourceTree = "<group>";
		};
		33E9B9A72C45E8AE007425CC /* View */ = {
			isa = PBXGroup;
			children = (
				33E9B9A82C45E8C7007425CC /* SettingsView.swift */,
			);
			path = View;
			sourceTree = "<group>";
		};
		33E9B9AC2C46C8D5007425CC /* ViewModel */ = {
			isa = PBXGroup;
			children = (
				33E9B9AD2C46C8EE007425CC /* ActivityViewModel.swift */,
			);
			path = ViewModel;
			sourceTree = "<group>";
		};
		33E9B9AF2C4739E2007425CC /* ViewModel */ = {
			isa = PBXGroup;
			children = (
				33E9B9B02C473A03007425CC /* ComponentsViewModel.swift */,
			);
			path = ViewModel;
			sourceTree = "<group>";
		};
/* End PBXGroup section */

/* Begin PBXNativeTarget section */
		33E9B9142C3D8F6E007425CC /* threads-clone */ = {
			isa = PBXNativeTarget;
			buildConfigurationList = 33E9B9232C3D8F70007425CC /* Build configuration list for PBXNativeTarget "threads-clone" */;
			buildPhases = (
				33E9B9112C3D8F6E007425CC /* Sources */,
				33E9B9122C3D8F6E007425CC /* Frameworks */,
				33E9B9132C3D8F6E007425CC /* Resources */,
			);
			buildRules = (
			);
			dependencies = (
			);
			name = "threads-clone";
			packageProductDependencies = (
				33E9B95E2C3F3CBE007425CC /* FirebaseAuth */,
				33E9B9602C3F3CBE007425CC /* FirebaseFirestore */,
				33E9B9622C3F3CBF007425CC /* FirebaseFirestoreSwift */,
				33E9B9642C3F3CBF007425CC /* FirebaseStorage */,
				33E9B9942C44895C007425CC /* Kingfisher */,
			);
			productName = "threads-clone";
			productReference = 33E9B9152C3D8F6E007425CC /* threads-clone.app */;
			productType = "com.apple.product-type.application";
		};
/* End PBXNativeTarget section */

/* Begin PBXProject section */
		33E9B90D2C3D8F6E007425CC /* Project object */ = {
			isa = PBXProject;
			attributes = {
				BuildIndependentTargetsInParallel = 1;
				LastSwiftUpdateCheck = 1540;
				LastUpgradeCheck = 1540;
				TargetAttributes = {
					33E9B9142C3D8F6E007425CC = {
						CreatedOnToolsVersion = 15.4;
					};
				};
			};
			buildConfigurationList = 33E9B9102C3D8F6E007425CC /* Build configuration list for PBXProject "threads-clone" */;
			compatibilityVersion = "Xcode 14.0";
			developmentRegion = en;
			hasScannedForEncodings = 0;
			knownRegions = (
				en,
				Base,
			);
			mainGroup = 33E9B90C2C3D8F6E007425CC;
			packageReferences = (
				33E9B95D2C3F3CBE007425CC /* XCRemoteSwiftPackageReference "firebase-ios-sdk" */,
				33E9B9932C44895C007425CC /* XCRemoteSwiftPackageReference "Kingfisher" */,
			);
			productRefGroup = 33E9B9162C3D8F6E007425CC /* Products */;
			projectDirPath = "";
			projectRoot = "";
			targets = (
				33E9B9142C3D8F6E007425CC /* threads-clone */,
			);
		};
/* End PBXProject section */

/* Begin PBXResourcesBuildPhase section */
		33E9B9132C3D8F6E007425CC /* Resources */ = {
			isa = PBXResourcesBuildPhase;
			buildActionMask = 2147483647;
			files = (
				33E9B9202C3D8F70007425CC /* Preview Assets.xcassets in Resources */,
				33E9B91D2C3D8F70007425CC /* Assets.xcassets in Resources */,
				33E9B95C2C3F09B2007425CC /* GoogleService-Info.plist in Resources */,
			);
			runOnlyForDeploymentPostprocessing = 0;
		};
/* End PBXResourcesBuildPhase section */

/* Begin PBXSourcesBuildPhase section */
		33E9B9112C3D8F6E007425CC /* Sources */ = {
			isa = PBXSourcesBuildPhase;
			buildActionMask = 2147483647;
			files = (
				33E9B93C2C3DA456007425CC /* FeedView.swift in Sources */,
				33E9B9692C3F432C007425CC /* RegistrationViewModel.swift in Sources */,
				33E9B9352C3D9E7B007425CC /* ThreadsTextFieldModifier.swift in Sources */,
				33E9B99F2C459D51007425CC /* FeedViewModel.swift in Sources */,
				33E9B96B2C3F4581007425CC /* AuthService.swift in Sources */,
				33E9B97D2C418910007425CC /* PreviewProvider.swift in Sources */,
				33E9B95A2C3EE291007425CC /* EditProfileView.swift in Sources */,
				33E9B9AB2C46BB86007425CC /* ActivityCell.swift in Sources */,
				33E9B9922C44810C007425CC /* ImageUploader.swift in Sources */,
				33E9B99C2C458B0D007425CC /* ThreadService.swift in Sources */,
				33E9B9302C3D911F007425CC /* LoginView.swift in Sources */,
				33E9B9752C3F6126007425CC /* UserService.swift in Sources */,
				33E9B94E2C3E22AA007425CC /* ThreadCell.swift in Sources */,
				33E9B9482C3DA58D007425CC /* ActivityView.swift in Sources */,
				33E9B9712C3F58A6007425CC /* LoginViewModel.swift in Sources */,
				33BED4372C4C512C002049A9 /* CalculateHeight.swift in Sources */,
				33E9B9872C41A32A007425CC /* ProfileHeaderView.swift in Sources */,
				33E9B9512C3ED766007425CC /* CircularProfileImageView.swift in Sources */,
				33E9B9532C3ED830007425CC /* UserCell.swift in Sources */,
				33E9B97B2C418620007425CC /* ExploreViewModel.swift in Sources */,
				33E9B9382C3DA11D007425CC /* ThreadsTabView.swift in Sources */,
				33E9B99A2C458ADD007425CC /* CreateThreadViewModel.swift in Sources */,
				33E9B9842C4190DD007425CC /* CurrentUserProfileViewModel.swift in Sources */,
				33E9B9892C41A7F8007425CC /* UserContentListView.swift in Sources */,
				33E9B9A52C45E51C007425CC /* Timestamp.swift in Sources */,
				33E9B9562C3EDB92007425CC /* ProfileThreadFilter.swift in Sources */,
				33E9B96F2C3F52AA007425CC /* ContentViewModel.swift in Sources */,
				33E9B98D2C41B0DB007425CC /* ShareProfileView.swift in Sources */,
				33E9B9442C3DA53E007425CC /* CreatThreadView.swift in Sources */,
				33E9B9812C419030007425CC /* CurrentUserProfileView.swift in Sources */,
				33624ADE2C4B4476003DCBDD /* AnswerThreadViewModel.swift in Sources */,
				33E9B91B2C3D8F6E007425CC /* ContentView.swift in Sources */,
				33E9B9902C447E79007425CC /* EditProfileViewModel.swift in Sources */,
				33E9B9192C3D8F6E007425CC /* threads_cloneApp.swift in Sources */,
				33624ADC2C4B4459003DCBDD /* AnswerThreadView.swift in Sources */,
				33E9B9402C3DA4B3007425CC /* ExploreView.swift in Sources */,
				33E9B9B12C473A03007425CC /* ComponentsViewModel.swift in Sources */,
				33E9B94C2C3DA5C7007425CC /* ProfileView.swift in Sources */,
				33E9B9322C3D9CFA007425CC /* RegistrationView.swift in Sources */,
				33E9B9AE2C46C8EE007425CC /* ActivityViewModel.swift in Sources */,
				33E9B9732C3F5D5F007425CC /* User.swift in Sources */,
				33E9B9972C4589BD007425CC /* Thread.swift in Sources */,
				33E9B9A32C45E0AC007425CC /* UserContentListViewModel.swift in Sources */,
				33E9B9A92C45E8C7007425CC /* SettingsView.swift in Sources */,
			);
			runOnlyForDeploymentPostprocessing = 0;
		};
/* End PBXSourcesBuildPhase section */

/* Begin XCBuildConfiguration section */
		33E9B9212C3D8F70007425CC /* Debug */ = {
			isa = XCBuildConfiguration;
			buildSettings = {
				ALWAYS_SEARCH_USER_PATHS = NO;
				ASSETCATALOG_COMPILER_GENERATE_SWIFT_ASSET_SYMBOL_EXTENSIONS = YES;
				CLANG_ANALYZER_NONNULL = YES;
				CLANG_ANALYZER_NUMBER_OBJECT_CONVERSION = YES_AGGRESSIVE;
				CLANG_CXX_LANGUAGE_STANDARD = "gnu++20";
				CLANG_ENABLE_MODULES = YES;
				CLANG_ENABLE_OBJC_ARC = YES;
				CLANG_ENABLE_OBJC_WEAK = YES;
				CLANG_WARN_BLOCK_CAPTURE_AUTORELEASING = YES;
				CLANG_WARN_BOOL_CONVERSION = YES;
				CLANG_WARN_COMMA = YES;
				CLANG_WARN_CONSTANT_CONVERSION = YES;
				CLANG_WARN_DEPRECATED_OBJC_IMPLEMENTATIONS = YES;
				CLANG_WARN_DIRECT_OBJC_ISA_USAGE = YES_ERROR;
				CLANG_WARN_DOCUMENTATION_COMMENTS = YES;
				CLANG_WARN_EMPTY_BODY = YES;
				CLANG_WARN_ENUM_CONVERSION = YES;
				CLANG_WARN_INFINITE_RECURSION = YES;
				CLANG_WARN_INT_CONVERSION = YES;
				CLANG_WARN_NON_LITERAL_NULL_CONVERSION = YES;
				CLANG_WARN_OBJC_IMPLICIT_RETAIN_SELF = YES;
				CLANG_WARN_OBJC_LITERAL_CONVERSION = YES;
				CLANG_WARN_OBJC_ROOT_CLASS = YES_ERROR;
				CLANG_WARN_QUOTED_INCLUDE_IN_FRAMEWORK_HEADER = YES;
				CLANG_WARN_RANGE_LOOP_ANALYSIS = YES;
				CLANG_WARN_STRICT_PROTOTYPES = YES;
				CLANG_WARN_SUSPICIOUS_MOVE = YES;
				CLANG_WARN_UNGUARDED_AVAILABILITY = YES_AGGRESSIVE;
				CLANG_WARN_UNREACHABLE_CODE = YES;
				CLANG_WARN__DUPLICATE_METHOD_MATCH = YES;
				COPY_PHASE_STRIP = NO;
				DEBUG_INFORMATION_FORMAT = dwarf;
				ENABLE_STRICT_OBJC_MSGSEND = YES;
				ENABLE_TESTABILITY = YES;
				ENABLE_USER_SCRIPT_SANDBOXING = YES;
				GCC_C_LANGUAGE_STANDARD = gnu17;
				GCC_DYNAMIC_NO_PIC = NO;
				GCC_NO_COMMON_BLOCKS = YES;
				GCC_OPTIMIZATION_LEVEL = 0;
				GCC_PREPROCESSOR_DEFINITIONS = (
					"DEBUG=1",
					"$(inherited)",
				);
				GCC_WARN_64_TO_32_BIT_CONVERSION = YES;
				GCC_WARN_ABOUT_RETURN_TYPE = YES_ERROR;
				GCC_WARN_UNDECLARED_SELECTOR = YES;
				GCC_WARN_UNINITIALIZED_AUTOS = YES_AGGRESSIVE;
				GCC_WARN_UNUSED_FUNCTION = YES;
				GCC_WARN_UNUSED_VARIABLE = YES;
				IPHONEOS_DEPLOYMENT_TARGET = 17.5;
				LOCALIZATION_PREFERS_STRING_CATALOGS = YES;
				MTL_ENABLE_DEBUG_INFO = INCLUDE_SOURCE;
				MTL_FAST_MATH = YES;
				ONLY_ACTIVE_ARCH = YES;
				SDKROOT = iphoneos;
				SWIFT_ACTIVE_COMPILATION_CONDITIONS = "DEBUG $(inherited)";
				SWIFT_OPTIMIZATION_LEVEL = "-Onone";
			};
			name = Debug;
		};
		33E9B9222C3D8F70007425CC /* Release */ = {
			isa = XCBuildConfiguration;
			buildSettings = {
				ALWAYS_SEARCH_USER_PATHS = NO;
				ASSETCATALOG_COMPILER_GENERATE_SWIFT_ASSET_SYMBOL_EXTENSIONS = YES;
				CLANG_ANALYZER_NONNULL = YES;
				CLANG_ANALYZER_NUMBER_OBJECT_CONVERSION = YES_AGGRESSIVE;
				CLANG_CXX_LANGUAGE_STANDARD = "gnu++20";
				CLANG_ENABLE_MODULES = YES;
				CLANG_ENABLE_OBJC_ARC = YES;
				CLANG_ENABLE_OBJC_WEAK = YES;
				CLANG_WARN_BLOCK_CAPTURE_AUTORELEASING = YES;
				CLANG_WARN_BOOL_CONVERSION = YES;
				CLANG_WARN_COMMA = YES;
				CLANG_WARN_CONSTANT_CONVERSION = YES;
				CLANG_WARN_DEPRECATED_OBJC_IMPLEMENTATIONS = YES;
				CLANG_WARN_DIRECT_OBJC_ISA_USAGE = YES_ERROR;
				CLANG_WARN_DOCUMENTATION_COMMENTS = YES;
				CLANG_WARN_EMPTY_BODY = YES;
				CLANG_WARN_ENUM_CONVERSION = YES;
				CLANG_WARN_INFINITE_RECURSION = YES;
				CLANG_WARN_INT_CONVERSION = YES;
				CLANG_WARN_NON_LITERAL_NULL_CONVERSION = YES;
				CLANG_WARN_OBJC_IMPLICIT_RETAIN_SELF = YES;
				CLANG_WARN_OBJC_LITERAL_CONVERSION = YES;
				CLANG_WARN_OBJC_ROOT_CLASS = YES_ERROR;
				CLANG_WARN_QUOTED_INCLUDE_IN_FRAMEWORK_HEADER = YES;
				CLANG_WARN_RANGE_LOOP_ANALYSIS = YES;
				CLANG_WARN_STRICT_PROTOTYPES = YES;
				CLANG_WARN_SUSPICIOUS_MOVE = YES;
				CLANG_WARN_UNGUARDED_AVAILABILITY = YES_AGGRESSIVE;
				CLANG_WARN_UNREACHABLE_CODE = YES;
				CLANG_WARN__DUPLICATE_METHOD_MATCH = YES;
				COPY_PHASE_STRIP = NO;
				DEBUG_INFORMATION_FORMAT = "dwarf-with-dsym";
				ENABLE_NS_ASSERTIONS = NO;
				ENABLE_STRICT_OBJC_MSGSEND = YES;
				ENABLE_USER_SCRIPT_SANDBOXING = YES;
				GCC_C_LANGUAGE_STANDARD = gnu17;
				GCC_NO_COMMON_BLOCKS = YES;
				GCC_WARN_64_TO_32_BIT_CONVERSION = YES;
				GCC_WARN_ABOUT_RETURN_TYPE = YES_ERROR;
				GCC_WARN_UNDECLARED_SELECTOR = YES;
				GCC_WARN_UNINITIALIZED_AUTOS = YES_AGGRESSIVE;
				GCC_WARN_UNUSED_FUNCTION = YES;
				GCC_WARN_UNUSED_VARIABLE = YES;
				IPHONEOS_DEPLOYMENT_TARGET = 17.5;
				LOCALIZATION_PREFERS_STRING_CATALOGS = YES;
				MTL_ENABLE_DEBUG_INFO = NO;
				MTL_FAST_MATH = YES;
				SDKROOT = iphoneos;
				SWIFT_COMPILATION_MODE = wholemodule;
				VALIDATE_PRODUCT = YES;
			};
			name = Release;
		};
		33E9B9242C3D8F70007425CC /* Debug */ = {
			isa = XCBuildConfiguration;
			buildSettings = {
				ASSETCATALOG_COMPILER_APPICON_NAME = AppIcon;
				ASSETCATALOG_COMPILER_GLOBAL_ACCENT_COLOR_NAME = AccentColor;
				CODE_SIGN_STYLE = Automatic;
				CURRENT_PROJECT_VERSION = 1;
				DEVELOPMENT_ASSET_PATHS = "\"threads-clone/Preview Content\"";
				DEVELOPMENT_TEAM = ZULTA5289G;
				ENABLE_PREVIEWS = YES;
				GENERATE_INFOPLIST_FILE = YES;
				INFOPLIST_KEY_UIApplicationSceneManifest_Generation = YES;
				INFOPLIST_KEY_UIApplicationSupportsIndirectInputEvents = YES;
				INFOPLIST_KEY_UILaunchScreen_Generation = YES;
				INFOPLIST_KEY_UISupportedInterfaceOrientations_iPad = "UIInterfaceOrientationPortrait UIInterfaceOrientationPortraitUpsideDown UIInterfaceOrientationLandscapeLeft UIInterfaceOrientationLandscapeRight";
				INFOPLIST_KEY_UISupportedInterfaceOrientations_iPhone = "UIInterfaceOrientationPortrait UIInterfaceOrientationLandscapeLeft UIInterfaceOrientationLandscapeRight";
				LD_RUNPATH_SEARCH_PATHS = (
					"$(inherited)",
					"@executable_path/Frameworks",
				);
				MARKETING_VERSION = 1.0;
				PRODUCT_BUNDLE_IDENTIFIER = "abdul.threads-clone";
				PRODUCT_NAME = "$(TARGET_NAME)";
				SWIFT_EMIT_LOC_STRINGS = YES;
				SWIFT_VERSION = 5.0;
				TARGETED_DEVICE_FAMILY = "1,2";
			};
			name = Debug;
		};
		33E9B9252C3D8F70007425CC /* Release */ = {
			isa = XCBuildConfiguration;
			buildSettings = {
				ASSETCATALOG_COMPILER_APPICON_NAME = AppIcon;
				ASSETCATALOG_COMPILER_GLOBAL_ACCENT_COLOR_NAME = AccentColor;
				CODE_SIGN_STYLE = Automatic;
				CURRENT_PROJECT_VERSION = 1;
				DEVELOPMENT_ASSET_PATHS = "\"threads-clone/Preview Content\"";
				DEVELOPMENT_TEAM = ZULTA5289G;
				ENABLE_PREVIEWS = YES;
				GENERATE_INFOPLIST_FILE = YES;
				INFOPLIST_KEY_UIApplicationSceneManifest_Generation = YES;
				INFOPLIST_KEY_UIApplicationSupportsIndirectInputEvents = YES;
				INFOPLIST_KEY_UILaunchScreen_Generation = YES;
				INFOPLIST_KEY_UISupportedInterfaceOrientations_iPad = "UIInterfaceOrientationPortrait UIInterfaceOrientationPortraitUpsideDown UIInterfaceOrientationLandscapeLeft UIInterfaceOrientationLandscapeRight";
				INFOPLIST_KEY_UISupportedInterfaceOrientations_iPhone = "UIInterfaceOrientationPortrait UIInterfaceOrientationLandscapeLeft UIInterfaceOrientationLandscapeRight";
				LD_RUNPATH_SEARCH_PATHS = (
					"$(inherited)",
					"@executable_path/Frameworks",
				);
				MARKETING_VERSION = 1.0;
				PRODUCT_BUNDLE_IDENTIFIER = "abdul.threads-clone";
				PRODUCT_NAME = "$(TARGET_NAME)";
				SWIFT_EMIT_LOC_STRINGS = YES;
				SWIFT_VERSION = 5.0;
				TARGETED_DEVICE_FAMILY = "1,2";
			};
			name = Release;
		};
/* End XCBuildConfiguration section */

/* Begin XCConfigurationList section */
		33E9B9102C3D8F6E007425CC /* Build configuration list for PBXProject "threads-clone" */ = {
			isa = XCConfigurationList;
			buildConfigurations = (
				33E9B9212C3D8F70007425CC /* Debug */,
				33E9B9222C3D8F70007425CC /* Release */,
			);
			defaultConfigurationIsVisible = 0;
			defaultConfigurationName = Release;
		};
		33E9B9232C3D8F70007425CC /* Build configuration list for PBXNativeTarget "threads-clone" */ = {
			isa = XCConfigurationList;
			buildConfigurations = (
				33E9B9242C3D8F70007425CC /* Debug */,
				33E9B9252C3D8F70007425CC /* Release */,
			);
			defaultConfigurationIsVisible = 0;
			defaultConfigurationName = Release;
		};
/* End XCConfigurationList section */

/* Begin XCRemoteSwiftPackageReference section */
		33E9B95D2C3F3CBE007425CC /* XCRemoteSwiftPackageReference "firebase-ios-sdk" */ = {
			isa = XCRemoteSwiftPackageReference;
			repositoryURL = "https://github.com/firebase/firebase-ios-sdk";
			requirement = {
				kind = upToNextMajorVersion;
				minimumVersion = 10.29.0;
			};
		};
		33E9B9932C44895C007425CC /* XCRemoteSwiftPackageReference "Kingfisher" */ = {
			isa = XCRemoteSwiftPackageReference;
			repositoryURL = "https://github.com/onevcat/Kingfisher.git";
			requirement = {
				kind = upToNextMajorVersion;
				minimumVersion = 7.12.0;
			};
		};
/* End XCRemoteSwiftPackageReference section */

/* Begin XCSwiftPackageProductDependency section */
		33E9B95E2C3F3CBE007425CC /* FirebaseAuth */ = {
			isa = XCSwiftPackageProductDependency;
			package = 33E9B95D2C3F3CBE007425CC /* XCRemoteSwiftPackageReference "firebase-ios-sdk" */;
			productName = FirebaseAuth;
		};
		33E9B9602C3F3CBE007425CC /* FirebaseFirestore */ = {
			isa = XCSwiftPackageProductDependency;
			package = 33E9B95D2C3F3CBE007425CC /* XCRemoteSwiftPackageReference "firebase-ios-sdk" */;
			productName = FirebaseFirestore;
		};
		33E9B9622C3F3CBF007425CC /* FirebaseFirestoreSwift */ = {
			isa = XCSwiftPackageProductDependency;
			package = 33E9B95D2C3F3CBE007425CC /* XCRemoteSwiftPackageReference "firebase-ios-sdk" */;
			productName = FirebaseFirestoreSwift;
		};
		33E9B9642C3F3CBF007425CC /* FirebaseStorage */ = {
			isa = XCSwiftPackageProductDependency;
			package = 33E9B95D2C3F3CBE007425CC /* XCRemoteSwiftPackageReference "firebase-ios-sdk" */;
			productName = FirebaseStorage;
		};
		33E9B9942C44895C007425CC /* Kingfisher */ = {
			isa = XCSwiftPackageProductDependency;
			package = 33E9B9932C44895C007425CC /* XCRemoteSwiftPackageReference "Kingfisher" */;
			productName = Kingfisher;
		};
/* End XCSwiftPackageProductDependency section */
	};
	rootObject = 33E9B90D2C3D8F6E007425CC /* Project object */;
}
